// !$*UTF8*$!
{
	archiveVersion = 1;
	classes = {
	};
	objectVersion = 50;
	objects = {

/* Begin PBXBuildFile section */
		FB14260C2523392800E45425 /* AppDelegate.swift in Sources */ = {isa = PBXBuildFile; fileRef = FB14260B2523392800E45425 /* AppDelegate.swift */; };
		FB14260E2523392800E45425 /* SceneDelegate.swift in Sources */ = {isa = PBXBuildFile; fileRef = FB14260D2523392800E45425 /* SceneDelegate.swift */; };
		FB1426102523392800E45425 /* ContentView.swift in Sources */ = {isa = PBXBuildFile; fileRef = FB14260F2523392800E45425 /* ContentView.swift */; };
		FB1426122523392B00E45425 /* Assets.xcassets in Resources */ = {isa = PBXBuildFile; fileRef = FB1426112523392B00E45425 /* Assets.xcassets */; };
		FB1426152523392B00E45425 /* Preview Assets.xcassets in Resources */ = {isa = PBXBuildFile; fileRef = FB1426142523392B00E45425 /* Preview Assets.xcassets */; };
		FB1426182523392B00E45425 /* LaunchScreen.storyboard in Resources */ = {isa = PBXBuildFile; fileRef = FB1426162523392B00E45425 /* LaunchScreen.storyboard */; };
		FB1426232523392B00E45425 /* PinkAndBlueTests.swift in Sources */ = {isa = PBXBuildFile; fileRef = FB1426222523392B00E45425 /* PinkAndBlueTests.swift */; };
/* End PBXBuildFile section */

/* Begin PBXContainerItemProxy section */
		FB14261F2523392B00E45425 /* PBXContainerItemProxy */ = {
			isa = PBXContainerItemProxy;
			containerPortal = FB1426002523392700E45425 /* Project object */;
			proxyType = 1;
			remoteGlobalIDString = FB1426072523392700E45425;
			remoteInfo = PinkAndBlue;
		};
/* End PBXContainerItemProxy section */

/* Begin PBXFileReference section */
		FB1426082523392800E45425 /* PinkAndBlue.app */ = {isa = PBXFileReference; explicitFileType = wrapper.application; includeInIndex = 0; path = PinkAndBlue.app; sourceTree = BUILT_PRODUCTS_DIR; };
		FB14260B2523392800E45425 /* AppDelegate.swift */ = {isa = PBXFileReference; lastKnownFileType = sourcecode.swift; path = AppDelegate.swift; sourceTree = "<group>"; };
		FB14260D2523392800E45425 /* SceneDelegate.swift */ = {isa = PBXFileReference; lastKnownFileType = sourcecode.swift; path = SceneDelegate.swift; sourceTree = "<group>"; };
		FB14260F2523392800E45425 /* ContentView.swift */ = {isa = PBXFileReference; lastKnownFileType = sourcecode.swift; path = ContentView.swift; sourceTree = "<group>"; };
		FB1426112523392B00E45425 /* Assets.xcassets */ = {isa = PBXFileReference; lastKnownFileType = folder.assetcatalog; path = Assets.xcassets; sourceTree = "<group>"; };
		FB1426142523392B00E45425 /* Preview Assets.xcassets */ = {isa = PBXFileReference; lastKnownFileType = folder.assetcatalog; path = "Preview Assets.xcassets"; sourceTree = "<group>"; };
		FB1426172523392B00E45425 /* Base */ = {isa = PBXFileReference; lastKnownFileType = file.storyboard; name = Base; path = Base.lproj/LaunchScreen.storyboard; sourceTree = "<group>"; };
		FB1426192523392B00E45425 /* Info.plist */ = {isa = PBXFileReference; lastKnownFileType = text.plist.xml; path = Info.plist; sourceTree = "<group>"; };
		FB14261E2523392B00E45425 /* PinkAndBlueTests.xctest */ = {isa = PBXFileReference; explicitFileType = wrapper.cfbundle; includeInIndex = 0; path = PinkAndBlueTests.xctest; sourceTree = BUILT_PRODUCTS_DIR; };
		FB1426222523392B00E45425 /* PinkAndBlueTests.swift */ = {isa = PBXFileReference; lastKnownFileType = sourcecode.swift; path = PinkAndBlueTests.swift; sourceTree = "<group>"; };
		FB1426242523392B00E45425 /* Info.plist */ = {isa = PBXFileReference; lastKnownFileType = text.plist.xml; path = Info.plist; sourceTree = "<group>"; };
/* End PBXFileReference section */

/* Begin PBXFrameworksBuildPhase section */
		FB1426052523392700E45425 /* Frameworks */ = {
			isa = PBXFrameworksBuildPhase;
			buildActionMask = 2147483647;
			files = (
			);
			runOnlyForDeploymentPostprocessing = 0;
		};
		FB14261B2523392B00E45425 /* Frameworks */ = {
			isa = PBXFrameworksBuildPhase;
			buildActionMask = 2147483647;
			files = (
			);
			runOnlyForDeploymentPostprocessing = 0;
		};
/* End PBXFrameworksBuildPhase section */

/* Begin PBXGroup section */
		FB1425FF2523392700E45425 = {
			isa = PBXGroup;
			children = (
				FB14260A2523392800E45425 /* PinkAndBlue */,
				FB1426212523392B00E45425 /* PinkAndBlueTests */,
				FB1426092523392800E45425 /* Products */,
			);
			sourceTree = "<group>";
		};
		FB1426092523392800E45425 /* Products */ = {
			isa = PBXGroup;
			children = (
				FB1426082523392800E45425 /* PinkAndBlue.app */,
				FB14261E2523392B00E45425 /* PinkAndBlueTests.xctest */,
			);
			name = Products;
			sourceTree = "<group>";
		};
		FB14260A2523392800E45425 /* PinkAndBlue */ = {
			isa = PBXGroup;
			children = (
				FB14260B2523392800E45425 /* AppDelegate.swift */,
				FB14260D2523392800E45425 /* SceneDelegate.swift */,
				FB14260F2523392800E45425 /* ContentView.swift */,
				FB1426112523392B00E45425 /* Assets.xcassets */,
				FB1426162523392B00E45425 /* LaunchScreen.storyboard */,
				FB1426192523392B00E45425 /* Info.plist */,
				FB1426132523392B00E45425 /* Preview Content */,
			);
			path = PinkAndBlue;
			sourceTree = "<group>";
		};
		FB1426132523392B00E45425 /* Preview Content */ = {
			isa = PBXGroup;
			children = (
				FB1426142523392B00E45425 /* Preview Assets.xcassets */,
			);
			path = "Preview Content";
			sourceTree = "<group>";
		};
		FB1426212523392B00E45425 /* PinkAndBlueTests */ = {
			isa = PBXGroup;
			children = (
				FB1426222523392B00E45425 /* PinkAndBlueTests.swift */,
				FB1426242523392B00E45425 /* Info.plist */,
			);
			path = PinkAndBlueTests;
			sourceTree = "<group>";
		};
/* End PBXGroup section */

/* Begin PBXNativeTarget section */
		FB1426072523392700E45425 /* PinkAndBlue */ = {
			isa = PBXNativeTarget;
			buildConfigurationList = FB1426272523392B00E45425 /* Build configuration list for PBXNativeTarget "PinkAndBlue" */;
			buildPhases = (
				FB1426042523392700E45425 /* Sources */,
				FB1426052523392700E45425 /* Frameworks */,
				FB1426062523392700E45425 /* Resources */,
			);
			buildRules = (
			);
			dependencies = (
			);
			name = PinkAndBlue;
			productName = PinkAndBlue;
			productReference = FB1426082523392800E45425 /* PinkAndBlue.app */;
			productType = "com.apple.product-type.application";
		};
		FB14261D2523392B00E45425 /* PinkAndBlueTests */ = {
			isa = PBXNativeTarget;
			buildConfigurationList = FB14262A2523392B00E45425 /* Build configuration list for PBXNativeTarget "PinkAndBlueTests" */;
			buildPhases = (
				FB14261A2523392B00E45425 /* Sources */,
				FB14261B2523392B00E45425 /* Frameworks */,
				FB14261C2523392B00E45425 /* Resources */,
			);
			buildRules = (
			);
			dependencies = (
				FB1426202523392B00E45425 /* PBXTargetDependency */,
			);
			name = PinkAndBlueTests;
			productName = PinkAndBlueTests;
			productReference = FB14261E2523392B00E45425 /* PinkAndBlueTests.xctest */;
			productType = "com.apple.product-type.bundle.unit-test";
		};
/* End PBXNativeTarget section */

/* Begin PBXProject section */
		FB1426002523392700E45425 /* Project object */ = {
			isa = PBXProject;
			attributes = {
				LastSwiftUpdateCheck = 1160;
				LastUpgradeCheck = 1160;
				ORGANIZATIONNAME = PinkAndBlue;
				TargetAttributes = {
					FB1426072523392700E45425 = {
						CreatedOnToolsVersion = 11.6;
					};
					FB14261D2523392B00E45425 = {
						CreatedOnToolsVersion = 11.6;
						TestTargetID = FB1426072523392700E45425;
					};
				};
			};
			buildConfigurationList = FB1426032523392700E45425 /* Build configuration list for PBXProject "PinkAndBlue" */;
			compatibilityVersion = "Xcode 9.3";
			developmentRegion = en;
			hasScannedForEncodings = 0;
			knownRegions = (
				en,
				Base,
			);
			mainGroup = FB1425FF2523392700E45425;
			productRefGroup = FB1426092523392800E45425 /* Products */;
			projectDirPath = "";
			projectRoot = "";
			targets = (
				FB1426072523392700E45425 /* PinkAndBlue */,
				FB14261D2523392B00E45425 /* PinkAndBlueTests */,
			);
		};
/* End PBXProject section */

/* Begin PBXResourcesBuildPhase section */
		FB1426062523392700E45425 /* Resources */ = {
			isa = PBXResourcesBuildPhase;
			buildActionMask = 2147483647;
			files = (
				FB1426182523392B00E45425 /* LaunchScreen.storyboard in Resources */,
				FB1426152523392B00E45425 /* Preview Assets.xcassets in Resources */,
				FB1426122523392B00E45425 /* Assets.xcassets in Resources */,
			);
			runOnlyForDeploymentPostprocessing = 0;
		};
		FB14261C2523392B00E45425 /* Resources */ = {
			isa = PBXResourcesBuildPhase;
			buildActionMask = 2147483647;
			files = (
			);
			runOnlyForDeploymentPostprocessing = 0;
		};
/* End PBXResourcesBuildPhase section */

/* Begin PBXSourcesBuildPhase section */
		FB1426042523392700E45425 /* Sources */ = {
			isa = PBXSourcesBuildPhase;
			buildActionMask = 2147483647;
			files = (
				FB14260C2523392800E45425 /* AppDelegate.swift in Sources */,
				FB14260E2523392800E45425 /* SceneDelegate.swift in Sources */,
				FB1426102523392800E45425 /* ContentView.swift in Sources */,
			);
			runOnlyForDeploymentPostprocessing = 0;
		};
		FB14261A2523392B00E45425 /* Sources */ = {
			isa = PBXSourcesBuildPhase;
			buildActionMask = 2147483647;
			files = (
				FB1426232523392B00E45425 /* PinkAndBlueTests.swift in Sources */,
			);
			runOnlyForDeploymentPostprocessing = 0;
		};
/* End PBXSourcesBuildPhase section */

/* Begin PBXTargetDependency section */
		FB1426202523392B00E45425 /* PBXTargetDependency */ = {
			isa = PBXTargetDependency;
			target = FB1426072523392700E45425 /* PinkAndBlue */;
			targetProxy = FB14261F2523392B00E45425 /* PBXContainerItemProxy */;
		};
/* End PBXTargetDependency section */

/* Begin PBXVariantGroup section */
		FB1426162523392B00E45425 /* LaunchScreen.storyboard */ = {
			isa = PBXVariantGroup;
			children = (
				FB1426172523392B00E45425 /* Base */,
			);
			name = LaunchScreen.storyboard;
			sourceTree = "<group>";
		};
/* End PBXVariantGroup section */

/* Begin XCBuildConfiguration section */
		FB1426252523392B00E45425 /* Debug */ = {
			isa = XCBuildConfiguration;
			buildSettings = {
				ALWAYS_SEARCH_USER_PATHS = NO;
				CLANG_ANALYZER_NONNULL = YES;
				CLANG_ANALYZER_NUMBER_OBJECT_CONVERSION = YES_AGGRESSIVE;
				CLANG_CXX_LANGUAGE_STANDARD = "gnu++14";
				CLANG_CXX_LIBRARY = "libc++";
				CLANG_ENABLE_MODULES = YES;
				CLANG_ENABLE_OBJC_ARC = YES;
				CLANG_ENABLE_OBJC_WEAK = YES;
				CLANG_WARN_BLOCK_CAPTURE_AUTORELEASING = YES;
				CLANG_WARN_BOOL_CONVERSION = YES;
				CLANG_WARN_COMMA = YES;
				CLANG_WARN_CONSTANT_CONVERSION = YES;
				CLANG_WARN_DEPRECATED_OBJC_IMPLEMENTATIONS = YES;
				CLANG_WARN_DIRECT_OBJC_ISA_USAGE = YES_ERROR;
				CLANG_WARN_DOCUMENTATION_COMMENTS = YES;
				CLANG_WARN_EMPTY_BODY = YES;
				CLANG_WARN_ENUM_CONVERSION = YES;
				CLANG_WARN_INFINITE_RECURSION = YES;
				CLANG_WARN_INT_CONVERSION = YES;
				CLANG_WARN_NON_LITERAL_NULL_CONVERSION = YES;
				CLANG_WARN_OBJC_IMPLICIT_RETAIN_SELF = YES;
				CLANG_WARN_OBJC_LITERAL_CONVERSION = YES;
				CLANG_WARN_OBJC_ROOT_CLASS = YES_ERROR;
				CLANG_WARN_RANGE_LOOP_ANALYSIS = YES;
				CLANG_WARN_STRICT_PROTOTYPES = YES;
				CLANG_WARN_SUSPICIOUS_MOVE = YES;
				CLANG_WARN_UNGUARDED_AVAILABILITY = YES_AGGRESSIVE;
				CLANG_WARN_UNREACHABLE_CODE = YES;
				CLANG_WARN__DUPLICATE_METHOD_MATCH = YES;
				COPY_PHASE_STRIP = NO;
				DEBUG_INFORMATION_FORMAT = dwarf;
				ENABLE_STRICT_OBJC_MSGSEND = YES;
				ENABLE_TESTABILITY = YES;
				GCC_C_LANGUAGE_STANDARD = gnu11;
				GCC_DYNAMIC_NO_PIC = NO;
				GCC_NO_COMMON_BLOCKS = YES;
				GCC_OPTIMIZATION_LEVEL = 0;
				GCC_PREPROCESSOR_DEFINITIONS = (
					"DEBUG=1",
					"$(inherited)",
				);
				GCC_WARN_64_TO_32_BIT_CONVERSION = YES;
				GCC_WARN_ABOUT_RETURN_TYPE = YES_ERROR;
				GCC_WARN_UNDECLARED_SELECTOR = YES;
				GCC_WARN_UNINITIALIZED_AUTOS = YES_AGGRESSIVE;
				GCC_WARN_UNUSED_FUNCTION = YES;
				GCC_WARN_UNUSED_VARIABLE = YES;
				IPHONEOS_DEPLOYMENT_TARGET = 13.6;
				MTL_ENABLE_DEBUG_INFO = INCLUDE_SOURCE;
				MTL_FAST_MATH = YES;
				ONLY_ACTIVE_ARCH = YES;
				SDKROOT = iphoneos;
				SWIFT_ACTIVE_COMPILATION_CONDITIONS = DEBUG;
				SWIFT_OPTIMIZATION_LEVEL = "-Onone";
			};
			name = Debug;
		};
		FB1426262523392B00E45425 /* Release */ = {
			isa = XCBuildConfiguration;
			buildSettings = {
				ALWAYS_SEARCH_USER_PATHS = NO;
				CLANG_ANALYZER_NONNULL = YES;
				CLANG_ANALYZER_NUMBER_OBJECT_CONVERSION = YES_AGGRESSIVE;
				CLANG_CXX_LANGUAGE_STANDARD = "gnu++14";
				CLANG_CXX_LIBRARY = "libc++";
				CLANG_ENABLE_MODULES = YES;
				CLANG_ENABLE_OBJC_ARC = YES;
				CLANG_ENABLE_OBJC_WEAK = YES;
				CLANG_WARN_BLOCK_CAPTURE_AUTORELEASING = YES;
				CLANG_WARN_BOOL_CONVERSION = YES;
				CLANG_WARN_COMMA = YES;
				CLANG_WARN_CONSTANT_CONVERSION = YES;
				CLANG_WARN_DEPRECATED_OBJC_IMPLEMENTATIONS = YES;
				CLANG_WARN_DIRECT_OBJC_ISA_USAGE = YES_ERROR;
				CLANG_WARN_DOCUMENTATION_COMMENTS = YES;
				CLANG_WARN_EMPTY_BODY = YES;
				CLANG_WARN_ENUM_CONVERSION = YES;
				CLANG_WARN_INFINITE_RECURSION = YES;
				CLANG_WARN_INT_CONVERSION = YES;
				CLANG_WARN_NON_LITERAL_NULL_CONVERSION = YES;
				CLANG_WARN_OBJC_IMPLICIT_RETAIN_SELF = YES;
				CLANG_WARN_OBJC_LITERAL_CONVERSION = YES;
				CLANG_WARN_OBJC_ROOT_CLASS = YES_ERROR;
				CLANG_WARN_RANGE_LOOP_ANALYSIS = YES;
				CLANG_WARN_STRICT_PROTOTYPES = YES;
				CLANG_WARN_SUSPICIOUS_MOVE = YES;
				CLANG_WARN_UNGUARDED_AVAILABILITY = YES_AGGRESSIVE;
				CLANG_WARN_UNREACHABLE_CODE = YES;
				CLANG_WARN__DUPLICATE_METHOD_MATCH = YES;
				COPY_PHASE_STRIP = NO;
				DEBUG_INFORMATION_FORMAT = "dwarf-with-dsym";
				ENABLE_NS_ASSERTIONS = NO;
				ENABLE_STRICT_OBJC_MSGSEND = YES;
				GCC_C_LANGUAGE_STANDARD = gnu11;
				GCC_NO_COMMON_BLOCKS = YES;
				GCC_WARN_64_TO_32_BIT_CONVERSION = YES;
				GCC_WARN_ABOUT_RETURN_TYPE = YES_ERROR;
				GCC_WARN_UNDECLARED_SELECTOR = YES;
				GCC_WARN_UNINITIALIZED_AUTOS = YES_AGGRESSIVE;
				GCC_WARN_UNUSED_FUNCTION = YES;
				GCC_WARN_UNUSED_VARIABLE = YES;
				IPHONEOS_DEPLOYMENT_TARGET = 13.6;
				MTL_ENABLE_DEBUG_INFO = NO;
				MTL_FAST_MATH = YES;
				SDKROOT = iphoneos;
				SWIFT_COMPILATION_MODE = wholemodule;
				SWIFT_OPTIMIZATION_LEVEL = "-O";
				VALIDATE_PRODUCT = YES;
			};
			name = Release;
		};
		FB1426282523392B00E45425 /* Debug */ = {
			isa = XCBuildConfiguration;
			buildSettings = {
				ASSETCATALOG_COMPILER_APPICON_NAME = AppIcon;
				CODE_SIGN_STYLE = Automatic;
				DEVELOPMENT_ASSET_PATHS = "\"PinkAndBlue/Preview Content\"";
				DEVELOPMENT_TEAM = D723WN4M5D;
				ENABLE_PREVIEWS = YES;
				INFOPLIST_FILE = PinkAndBlue/Info.plist;
				LD_RUNPATH_SEARCH_PATHS = (
					"$(inherited)",
					"@executable_path/Frameworks",
				);
				PRODUCT_BUNDLE_IDENTIFIER = com.PinkAndBlue;
				PRODUCT_NAME = "$(TARGET_NAME)";
				SWIFT_VERSION = 5.0;
				TARGETED_DEVICE_FAMILY = "1,2";
			};
			name = Debug;
		};
		FB1426292523392B00E45425 /* Release */ = {
			isa = XCBuildConfiguration;
			buildSettings = {
				ASSETCATALOG_COMPILER_APPICON_NAME = AppIcon;
				CODE_SIGN_STYLE = Automatic;
				DEVELOPMENT_ASSET_PATHS = "\"PinkAndBlue/Preview Content\"";
				DEVELOPMENT_TEAM = D723WN4M5D;
				ENABLE_PREVIEWS = YES;
				INFOPLIST_FILE = PinkAndBlue/Info.plist;
				LD_RUNPATH_SEARCH_PATHS = (
					"$(inherited)",
					"@executable_path/Frameworks",
				);
				PRODUCT_BUNDLE_IDENTIFIER = com.PinkAndBlue;
				PRODUCT_NAME = "$(TARGET_NAME)";
				SWIFT_VERSION = 5.0;
				TARGETED_DEVICE_FAMILY = "1,2";
			};
			name = Release;
		};
		FB14262B2523392B00E45425 /* Debug */ = {
			isa = XCBuildConfiguration;
			buildSettings = {
				ALWAYS_EMBED_SWIFT_STANDARD_LIBRARIES = YES;
				BUNDLE_LOADER = "$(TEST_HOST)";
				CODE_SIGN_STYLE = Automatic;
				DEVELOPMENT_TEAM = D723WN4M5D;
				INFOPLIST_FILE = PinkAndBlueTests/Info.plist;
				IPHONEOS_DEPLOYMENT_TARGET = 13.6;
				LD_RUNPATH_SEARCH_PATHS = (
					"$(inherited)",
					"@executable_path/Frameworks",
					"@loader_path/Frameworks",
				);
				PRODUCT_BUNDLE_IDENTIFIER = com.PinkAndBlueTests;
				PRODUCT_NAME = "$(TARGET_NAME)";
				SWIFT_VERSION = 5.0;
				TARGETED_DEVICE_FAMILY = "1,2";
				TEST_HOST = "$(BUILT_PRODUCTS_DIR)/PinkAndBlue.app/PinkAndBlue";
			};
			name = Debug;
		};
		FB14262C2523392B00E45425 /* Release */ = {
			isa = XCBuildConfiguration;
			buildSettings = {
				ALWAYS_EMBED_SWIFT_STANDARD_LIBRARIES = YES;
				BUNDLE_LOADER = "$(TEST_HOST)";
				CODE_SIGN_STYLE = Automatic;
				DEVELOPMENT_TEAM = D723WN4M5D;
				INFOPLIST_FILE = PinkAndBlueTests/Info.plist;
				IPHONEOS_DEPLOYMENT_TARGET = 13.6;
				LD_RUNPATH_SEARCH_PATHS = (
					"$(inherited)",
					"@executable_path/Frameworks",
					"@loader_path/Frameworks",
				);
				PRODUCT_BUNDLE_IDENTIFIER = com.PinkAndBlueTests;
				PRODUCT_NAME = "$(TARGET_NAME)";
				SWIFT_VERSION = 5.0;
				TARGETED_DEVICE_FAMILY = "1,2";
				TEST_HOST = "$(BUILT_PRODUCTS_DIR)/PinkAndBlue.app/PinkAndBlue";
			};
			name = Release;
		};
/* End XCBuildConfiguration section */

/* Begin XCConfigurationList section */
		FB1426032523392700E45425 /* Build configuration list for PBXProject "PinkAndBlue" */ = {
			isa = XCConfigurationList;
			buildConfigurations = (
				FB1426252523392B00E45425 /* Debug */,
				FB1426262523392B00E45425 /* Release */,
			);
			defaultConfigurationIsVisible = 0;
			defaultConfigurationName = Release;
		};
		FB1426272523392B00E45425 /* Build configuration list for PBXNativeTarget "PinkAndBlue" */ = {
			isa = XCConfigurationList;
			buildConfigurations = (
				FB1426282523392B00E45425 /* Debug */,
				FB1426292523392B00E45425 /* Release */,
			);
			defaultConfigurationIsVisible = 0;
			defaultConfigurationName = Release;
		};
		FB14262A2523392B00E45425 /* Build configuration list for PBXNativeTarget "PinkAndBlueTests" */ = {
			isa = XCConfigurationList;
			buildConfigurations = (
				FB14262B2523392B00E45425 /* Debug */,
				FB14262C2523392B00E45425 /* Release */,
			);
			defaultConfigurationIsVisible = 0;
			defaultConfigurationName = Release;
		};
/* End XCConfigurationList section */
	};
	rootObject = FB1426002523392700E45425 /* Project object */;
}
