// !$*UTF8*$!
{
	archiveVersion = 1;
	classes = {
	};
	objectVersion = 50;
	objects = {

/* Begin PBXBuildFile section */
		BCE4804BA96FFF8073F5F5E4 /* AppDelegate.swift in Sources */ = {isa = PBXBuildFile; fileRef = BCE4839EB1F176B35B57792B /* AppDelegate.swift */; };
		BCE4807A90054E00124CC559 /* ChatListView.swift in Sources */ = {isa = PBXBuildFile; fileRef = BCE4846E5D95BC231C03581C /* ChatListView.swift */; };
		BCE48146EBF99CE58519D7FE /* ChooseTypeView.swift in Sources */ = {isa = PBXBuildFile; fileRef = BCE48FBE10BFE9CF6B157052 /* ChooseTypeView.swift */; };
		BCE481BC98F1167061375BDD /* OnboardingView.swift in Sources */ = {isa = PBXBuildFile; fileRef = BCE48BFA7A8704D9D58F38D9 /* OnboardingView.swift */; };
		BCE48228E2D3FEAE0AC8492C /* Color+Design.swift in Sources */ = {isa = PBXBuildFile; fileRef = BCE485E070BF4B162FC26421 /* Color+Design.swift */; };
		BCE4827C8E20859A1611511E /* ChooseStageView.swift in Sources */ = {isa = PBXBuildFile; fileRef = BCE482DD4FBA68CA2DA5605D /* ChooseStageView.swift */; };
		BCE483DBB25399EB31D79DE2 /* InputField.swift in Sources */ = {isa = PBXBuildFile; fileRef = BCE48D628B15B7F4DD45EC22 /* InputField.swift */; };
		BCE483E569A0F2B53427C702 /* LaunchScreen.storyboard in Resources */ = {isa = PBXBuildFile; fileRef = BCE48EED6D8172E86C0A835C /* LaunchScreen.storyboard */; };
		BCE484846BCC956414FE690D /* View+LoadingView.swift in Sources */ = {isa = PBXBuildFile; fileRef = BCE48C5CACACA0A004A5BF07 /* View+LoadingView.swift */; };
		BCE4868655DE74A7F404473E /* OptionMessageButton.swift in Sources */ = {isa = PBXBuildFile; fileRef = BCE480370D863479921DCBF5 /* OptionMessageButton.swift */; };
		BCE48713CD5DD7CBEF1D806C /* MessageViewModel.swift in Sources */ = {isa = PBXBuildFile; fileRef = BCE4895119EB02B39A5F916C /* MessageViewModel.swift */; };
		BCE487DA58A148E2AF059106 /* ErrorText.swift in Sources */ = {isa = PBXBuildFile; fileRef = BCE48D8E23F82438E00BBD4B /* ErrorText.swift */; };
		BCE48860256138C90704DD18 /* ChooseRoleView.swift in Sources */ = {isa = PBXBuildFile; fileRef = BCE489824FCFEF00F79FC1F1 /* ChooseRoleView.swift */; };
		BCE489B6CB2D8A6949F29543 /* DialogViewModel.swift in Sources */ = {isa = PBXBuildFile; fileRef = BCE48E84E3702408A76A7AF2 /* DialogViewModel.swift */; };
		BCE489D24B4232508492E47A /* ChatItemView.swift in Sources */ = {isa = PBXBuildFile; fileRef = BCE486850841E48087452FF1 /* ChatItemView.swift */; };
		BCE48AB195D76E788F9C5582 /* LoginView.swift in Sources */ = {isa = PBXBuildFile; fileRef = BCE486237FF5D82A13539BA0 /* LoginView.swift */; };
		BCE48B4EFB0289AA87BB06E4 /* DialogView.swift in Sources */ = {isa = PBXBuildFile; fileRef = BCE480033962C1B9FDDFBDFB /* DialogView.swift */; };
		BCE48BF005301D9788DE0165 /* CGFloat+Dimensions.swift in Sources */ = {isa = PBXBuildFile; fileRef = BCE481F71D3C6D0DA298A85F /* CGFloat+Dimensions.swift */; };
		BCE48C255EC80E0F52B12DE9 /* MessageView.swift in Sources */ = {isa = PBXBuildFile; fileRef = BCE481E34B2C195FBE4F83A0 /* MessageView.swift */; };
		BCE48C4C3F34F485380432B6 /* Assets.xcassets in Resources */ = {isa = PBXBuildFile; fileRef = BCE4874E5326B25D2A0E705A /* Assets.xcassets */; };
		BCE48C9EDD5024D4CCAF25A6 /* Colors.swift in Sources */ = {isa = PBXBuildFile; fileRef = BCE48F31F012EBB48748C6E7 /* Colors.swift */; };
		BCE48DCA411446F74773A7CE /* Network.swift in Sources */ = {isa = PBXBuildFile; fileRef = BCE4899A822789C1BDA3654C /* Network.swift */; };
		BCE48EC6B61D0B5D08822D31 /* SceneDelegate.swift in Sources */ = {isa = PBXBuildFile; fileRef = BCE48DAD9B50A9290E27B3E6 /* SceneDelegate.swift */; };
		BCE48EE1324CEC7F74471865 /* LoginOptionsView.swift in Sources */ = {isa = PBXBuildFile; fileRef = BCE48593D8FCB0200EEB3D06 /* LoginOptionsView.swift */; };
		FB1426152523392B00E45425 /* Preview Assets.xcassets in Resources */ = {isa = PBXBuildFile; fileRef = FB1426142523392B00E45425 /* Preview Assets.xcassets */; };
		FB1426232523392B00E45425 /* PinkAndBlueTests.swift in Sources */ = {isa = PBXBuildFile; fileRef = FB1426222523392B00E45425 /* PinkAndBlueTests.swift */; };
/* End PBXBuildFile section */

/* Begin PBXContainerItemProxy section */
		FB14261F2523392B00E45425 /* PBXContainerItemProxy */ = {
			isa = PBXContainerItemProxy;
			containerPortal = FB1426002523392700E45425 /* Project object */;
			proxyType = 1;
			remoteGlobalIDString = FB1426072523392700E45425;
			remoteInfo = PinkAndBlue;
		};
/* End PBXContainerItemProxy section */

/* Begin PBXFileReference section */
		BCE480033962C1B9FDDFBDFB /* DialogView.swift */ = {isa = PBXFileReference; fileEncoding = 4; lastKnownFileType = sourcecode.swift; path = DialogView.swift; sourceTree = "<group>"; };
		BCE480370D863479921DCBF5 /* OptionMessageButton.swift */ = {isa = PBXFileReference; fileEncoding = 4; lastKnownFileType = sourcecode.swift; path = OptionMessageButton.swift; sourceTree = "<group>"; };
		BCE481E34B2C195FBE4F83A0 /* MessageView.swift */ = {isa = PBXFileReference; fileEncoding = 4; lastKnownFileType = sourcecode.swift; path = MessageView.swift; sourceTree = "<group>"; };
		BCE481F71D3C6D0DA298A85F /* CGFloat+Dimensions.swift */ = {isa = PBXFileReference; fileEncoding = 4; lastKnownFileType = sourcecode.swift; path = "CGFloat+Dimensions.swift"; sourceTree = "<group>"; };
		BCE482DD4FBA68CA2DA5605D /* ChooseStageView.swift */ = {isa = PBXFileReference; fileEncoding = 4; lastKnownFileType = sourcecode.swift; path = ChooseStageView.swift; sourceTree = "<group>"; };
		BCE4839EB1F176B35B57792B /* AppDelegate.swift */ = {isa = PBXFileReference; fileEncoding = 4; lastKnownFileType = sourcecode.swift; path = AppDelegate.swift; sourceTree = "<group>"; };
		BCE4846E5D95BC231C03581C /* ChatListView.swift */ = {isa = PBXFileReference; fileEncoding = 4; lastKnownFileType = sourcecode.swift; path = ChatListView.swift; sourceTree = "<group>"; };
		BCE48593D8FCB0200EEB3D06 /* LoginOptionsView.swift */ = {isa = PBXFileReference; fileEncoding = 4; lastKnownFileType = sourcecode.swift; path = LoginOptionsView.swift; sourceTree = "<group>"; };
		BCE485E070BF4B162FC26421 /* Color+Design.swift */ = {isa = PBXFileReference; fileEncoding = 4; lastKnownFileType = sourcecode.swift; path = "Color+Design.swift"; sourceTree = "<group>"; };
		BCE486237FF5D82A13539BA0 /* LoginView.swift */ = {isa = PBXFileReference; fileEncoding = 4; lastKnownFileType = sourcecode.swift; path = LoginView.swift; sourceTree = "<group>"; };
		BCE486850841E48087452FF1 /* ChatItemView.swift */ = {isa = PBXFileReference; fileEncoding = 4; lastKnownFileType = sourcecode.swift; path = ChatItemView.swift; sourceTree = "<group>"; };
		BCE4874E5326B25D2A0E705A /* Assets.xcassets */ = {isa = PBXFileReference; lastKnownFileType = folder.assetcatalog; path = Assets.xcassets; sourceTree = "<group>"; };
		BCE4895119EB02B39A5F916C /* MessageViewModel.swift */ = {isa = PBXFileReference; fileEncoding = 4; lastKnownFileType = sourcecode.swift; path = MessageViewModel.swift; sourceTree = "<group>"; };
		BCE489824FCFEF00F79FC1F1 /* ChooseRoleView.swift */ = {isa = PBXFileReference; fileEncoding = 4; lastKnownFileType = sourcecode.swift; path = ChooseRoleView.swift; sourceTree = "<group>"; };
		BCE4899A822789C1BDA3654C /* Network.swift */ = {isa = PBXFileReference; fileEncoding = 4; lastKnownFileType = sourcecode.swift; path = Network.swift; sourceTree = "<group>"; };
		BCE489CAE09538342342C03F /* Info.plist */ = {isa = PBXFileReference; fileEncoding = 4; lastKnownFileType = text.plist.info; path = Info.plist; sourceTree = "<group>"; };
		BCE48BFA7A8704D9D58F38D9 /* OnboardingView.swift */ = {isa = PBXFileReference; fileEncoding = 4; lastKnownFileType = sourcecode.swift; path = OnboardingView.swift; sourceTree = "<group>"; };
		BCE48C5CACACA0A004A5BF07 /* View+LoadingView.swift */ = {isa = PBXFileReference; fileEncoding = 4; lastKnownFileType = sourcecode.swift; path = "View+LoadingView.swift"; sourceTree = "<group>"; };
		BCE48D628B15B7F4DD45EC22 /* InputField.swift */ = {isa = PBXFileReference; fileEncoding = 4; lastKnownFileType = sourcecode.swift; path = InputField.swift; sourceTree = "<group>"; };
		BCE48D8E23F82438E00BBD4B /* ErrorText.swift */ = {isa = PBXFileReference; fileEncoding = 4; lastKnownFileType = sourcecode.swift; path = ErrorText.swift; sourceTree = "<group>"; };
		BCE48DAD9B50A9290E27B3E6 /* SceneDelegate.swift */ = {isa = PBXFileReference; fileEncoding = 4; lastKnownFileType = sourcecode.swift; path = SceneDelegate.swift; sourceTree = "<group>"; };
		BCE48E84E3702408A76A7AF2 /* DialogViewModel.swift */ = {isa = PBXFileReference; fileEncoding = 4; lastKnownFileType = sourcecode.swift; path = DialogViewModel.swift; sourceTree = "<group>"; };
		BCE48EED6D8172E86C0A835C /* LaunchScreen.storyboard */ = {isa = PBXFileReference; lastKnownFileType = file.storyboard; path = LaunchScreen.storyboard; sourceTree = "<group>"; };
		BCE48F31F012EBB48748C6E7 /* Colors.swift */ = {isa = PBXFileReference; fileEncoding = 4; lastKnownFileType = sourcecode.swift; path = Colors.swift; sourceTree = "<group>"; };
		BCE48FBE10BFE9CF6B157052 /* ChooseTypeView.swift */ = {isa = PBXFileReference; fileEncoding = 4; lastKnownFileType = sourcecode.swift; path = ChooseTypeView.swift; sourceTree = "<group>"; };
		FB1426082523392800E45425 /* PinkAndBlue.app */ = {isa = PBXFileReference; explicitFileType = wrapper.application; includeInIndex = 0; path = PinkAndBlue.app; sourceTree = BUILT_PRODUCTS_DIR; };
		FB1426142523392B00E45425 /* Preview Assets.xcassets */ = {isa = PBXFileReference; lastKnownFileType = folder.assetcatalog; path = "Preview Assets.xcassets"; sourceTree = "<group>"; };
		FB14261E2523392B00E45425 /* PinkAndBlueTests.xctest */ = {isa = PBXFileReference; explicitFileType = wrapper.cfbundle; includeInIndex = 0; path = PinkAndBlueTests.xctest; sourceTree = BUILT_PRODUCTS_DIR; };
		FB1426222523392B00E45425 /* PinkAndBlueTests.swift */ = {isa = PBXFileReference; lastKnownFileType = sourcecode.swift; path = PinkAndBlueTests.swift; sourceTree = "<group>"; };
		FB1426242523392B00E45425 /* Info.plist */ = {isa = PBXFileReference; lastKnownFileType = text.plist.xml; path = Info.plist; sourceTree = "<group>"; };
/* End PBXFileReference section */

/* Begin PBXFrameworksBuildPhase section */
		FB1426052523392700E45425 /* Frameworks */ = {
			isa = PBXFrameworksBuildPhase;
			buildActionMask = 2147483647;
			files = (
			);
			runOnlyForDeploymentPostprocessing = 0;
		};
		FB14261B2523392B00E45425 /* Frameworks */ = {
			isa = PBXFrameworksBuildPhase;
			buildActionMask = 2147483647;
			files = (
			);
			runOnlyForDeploymentPostprocessing = 0;
		};
/* End PBXFrameworksBuildPhase section */

/* Begin PBXGroup section */
		BCE4802C911163AC904C9F27 /* DialogView */ = {
			isa = PBXGroup;
			children = (
				BCE480033962C1B9FDDFBDFB /* DialogView.swift */,
				BCE48E84E3702408A76A7AF2 /* DialogViewModel.swift */,
				BCE481E34B2C195FBE4F83A0 /* MessageView.swift */,
				BCE480370D863479921DCBF5 /* OptionMessageButton.swift */,
				BCE4895119EB02B39A5F916C /* MessageViewModel.swift */,
			);
			path = DialogView;
			sourceTree = "<group>";
		};
		BCE480AA607C5660C3EF2FBB /* Flows */ = {
			isa = PBXGroup;
			children = (
				BCE48ACC8B637A896D0BAE08 /* Login */,
				BCE48320D3F1DFE16B40B14A /* Chats */,
			);
			path = Flows;
			sourceTree = "<group>";
		};
		BCE481D07BE7E6C3C4225156 /* Classes */ = {
			isa = PBXGroup;
			children = (
				BCE48DAD9B50A9290E27B3E6 /* SceneDelegate.swift */,
				BCE4839EB1F176B35B57792B /* AppDelegate.swift */,
				BCE489CAE09538342342C03F /* Info.plist */,
				BCE480AA607C5660C3EF2FBB /* Flows */,
				BCE482A02A510C6AD916306E /* Components */,
				BCE48A113E1D1924EDC659CF /* Network */,
			);
			path = Classes;
			sourceTree = "<group>";
		};
		BCE482A02A510C6AD916306E /* Components */ = {
			isa = PBXGroup;
			children = (
				BCE48D8E23F82438E00BBD4B /* ErrorText.swift */,
				BCE48D628B15B7F4DD45EC22 /* InputField.swift */,
				BCE48C5CACACA0A004A5BF07 /* View+LoadingView.swift */,
				BCE481F71D3C6D0DA298A85F /* CGFloat+Dimensions.swift */,
				BCE4802C911163AC904C9F27 /* DialogView */,
				BCE48F31F012EBB48748C6E7 /* Colors.swift */,
				BCE485E070BF4B162FC26421 /* Color+Design.swift */,
			);
			path = Components;
			sourceTree = "<group>";
		};
		BCE48320D3F1DFE16B40B14A /* Chats */ = {
			isa = PBXGroup;
			children = (
				BCE4846E5D95BC231C03581C /* ChatListView.swift */,
				BCE486850841E48087452FF1 /* ChatItemView.swift */,
			);
			path = Chats;
			sourceTree = "<group>";
		};
		BCE4838176BF49068EBF1C53 /* Resources */ = {
			isa = PBXGroup;
			children = (
				BCE4874E5326B25D2A0E705A /* Assets.xcassets */,
				BCE48EED6D8172E86C0A835C /* LaunchScreen.storyboard */,
			);
			path = Resources;
			sourceTree = "<group>";
		};
		BCE48A113E1D1924EDC659CF /* Network */ = {
			isa = PBXGroup;
			children = (
				BCE4899A822789C1BDA3654C /* Network.swift */,
			);
			path = Network;
			sourceTree = "<group>";
		};
		BCE48ACC8B637A896D0BAE08 /* Login */ = {
			isa = PBXGroup;
			children = (
				BCE486237FF5D82A13539BA0 /* LoginView.swift */,
				BCE48BFA7A8704D9D58F38D9 /* OnboardingView.swift */,
				BCE489824FCFEF00F79FC1F1 /* ChooseRoleView.swift */,
				BCE48593D8FCB0200EEB3D06 /* LoginOptionsView.swift */,
				BCE482DD4FBA68CA2DA5605D /* ChooseStageView.swift */,
				BCE48FBE10BFE9CF6B157052 /* ChooseTypeView.swift */,
			);
			path = Login;
			sourceTree = "<group>";
		};
		FB1425FF2523392700E45425 = {
			isa = PBXGroup;
			children = (
				FB14260A2523392800E45425 /* PinkAndBlue */,
				FB1426212523392B00E45425 /* PinkAndBlueTests */,
				FB1426092523392800E45425 /* Products */,
			);
			sourceTree = "<group>";
		};
		FB1426092523392800E45425 /* Products */ = {
			isa = PBXGroup;
			children = (
				FB1426082523392800E45425 /* PinkAndBlue.app */,
				FB14261E2523392B00E45425 /* PinkAndBlueTests.xctest */,
			);
			name = Products;
			sourceTree = "<group>";
		};
		FB14260A2523392800E45425 /* PinkAndBlue */ = {
			isa = PBXGroup;
			children = (
				FB1426132523392B00E45425 /* Preview Content */,
				BCE481D07BE7E6C3C4225156 /* Classes */,
				BCE4838176BF49068EBF1C53 /* Resources */,
			);
			path = PinkAndBlue;
			sourceTree = "<group>";
		};
		FB1426132523392B00E45425 /* Preview Content */ = {
			isa = PBXGroup;
			children = (
				FB1426142523392B00E45425 /* Preview Assets.xcassets */,
			);
			path = "Preview Content";
			sourceTree = "<group>";
		};
		FB1426212523392B00E45425 /* PinkAndBlueTests */ = {
			isa = PBXGroup;
			children = (
				FB1426222523392B00E45425 /* PinkAndBlueTests.swift */,
				FB1426242523392B00E45425 /* Info.plist */,
			);
			path = PinkAndBlueTests;
			sourceTree = "<group>";
		};
/* End PBXGroup section */

/* Begin PBXNativeTarget section */
		FB1426072523392700E45425 /* PinkAndBlue */ = {
			isa = PBXNativeTarget;
			buildConfigurationList = FB1426272523392B00E45425 /* Build configuration list for PBXNativeTarget "PinkAndBlue" */;
			buildPhases = (
				FB1426042523392700E45425 /* Sources */,
				FB1426052523392700E45425 /* Frameworks */,
				FB1426062523392700E45425 /* Resources */,
			);
			buildRules = (
			);
			dependencies = (
			);
			name = PinkAndBlue;
			productName = PinkAndBlue;
			productReference = FB1426082523392800E45425 /* PinkAndBlue.app */;
			productType = "com.apple.product-type.application";
		};
		FB14261D2523392B00E45425 /* PinkAndBlueTests */ = {
			isa = PBXNativeTarget;
			buildConfigurationList = FB14262A2523392B00E45425 /* Build configuration list for PBXNativeTarget "PinkAndBlueTests" */;
			buildPhases = (
				FB14261A2523392B00E45425 /* Sources */,
				FB14261B2523392B00E45425 /* Frameworks */,
				FB14261C2523392B00E45425 /* Resources */,
			);
			buildRules = (
			);
			dependencies = (
				FB1426202523392B00E45425 /* PBXTargetDependency */,
			);
			name = PinkAndBlueTests;
			productName = PinkAndBlueTests;
			productReference = FB14261E2523392B00E45425 /* PinkAndBlueTests.xctest */;
			productType = "com.apple.product-type.bundle.unit-test";
		};
/* End PBXNativeTarget section */

/* Begin PBXProject section */
		FB1426002523392700E45425 /* Project object */ = {
			isa = PBXProject;
			attributes = {
				LastSwiftUpdateCheck = 1160;
				LastUpgradeCheck = 1160;
				ORGANIZATIONNAME = PinkAndBlue;
				TargetAttributes = {
					FB1426072523392700E45425 = {
						CreatedOnToolsVersion = 11.6;
					};
					FB14261D2523392B00E45425 = {
						CreatedOnToolsVersion = 11.6;
						TestTargetID = FB1426072523392700E45425;
					};
				};
			};
			buildConfigurationList = FB1426032523392700E45425 /* Build configuration list for PBXProject "PinkAndBlue" */;
			compatibilityVersion = "Xcode 9.3";
			developmentRegion = en;
			hasScannedForEncodings = 0;
			knownRegions = (
				en,
				Base,
			);
			mainGroup = FB1425FF2523392700E45425;
			productRefGroup = FB1426092523392800E45425 /* Products */;
			projectDirPath = "";
			projectRoot = "";
			targets = (
				FB1426072523392700E45425 /* PinkAndBlue */,
				FB14261D2523392B00E45425 /* PinkAndBlueTests */,
			);
		};
/* End PBXProject section */

/* Begin PBXResourcesBuildPhase section */
		FB1426062523392700E45425 /* Resources */ = {
			isa = PBXResourcesBuildPhase;
			buildActionMask = 2147483647;
			files = (
				FB1426152523392B00E45425 /* Preview Assets.xcassets in Resources */,
				BCE48C4C3F34F485380432B6 /* Assets.xcassets in Resources */,
				BCE483E569A0F2B53427C702 /* LaunchScreen.storyboard in Resources */,
			);
			runOnlyForDeploymentPostprocessing = 0;
		};
		FB14261C2523392B00E45425 /* Resources */ = {
			isa = PBXResourcesBuildPhase;
			buildActionMask = 2147483647;
			files = (
			);
			runOnlyForDeploymentPostprocessing = 0;
		};
/* End PBXResourcesBuildPhase section */

/* Begin PBXSourcesBuildPhase section */
		FB1426042523392700E45425 /* Sources */ = {
			isa = PBXSourcesBuildPhase;
			buildActionMask = 2147483647;
			files = (
				BCE48EC6B61D0B5D08822D31 /* SceneDelegate.swift in Sources */,
				BCE4804BA96FFF8073F5F5E4 /* AppDelegate.swift in Sources */,
				BCE48AB195D76E788F9C5582 /* LoginView.swift in Sources */,
				BCE487DA58A148E2AF059106 /* ErrorText.swift in Sources */,
				BCE483DBB25399EB31D79DE2 /* InputField.swift in Sources */,
				BCE484846BCC956414FE690D /* View+LoadingView.swift in Sources */,
				BCE48DCA411446F74773A7CE /* Network.swift in Sources */,
				BCE48BF005301D9788DE0165 /* CGFloat+Dimensions.swift in Sources */,
				BCE48B4EFB0289AA87BB06E4 /* DialogView.swift in Sources */,
				BCE489B6CB2D8A6949F29543 /* DialogViewModel.swift in Sources */,
				BCE48C255EC80E0F52B12DE9 /* MessageView.swift in Sources */,
				BCE48C9EDD5024D4CCAF25A6 /* Colors.swift in Sources */,
				BCE4807A90054E00124CC559 /* ChatListView.swift in Sources */,
				BCE4868655DE74A7F404473E /* OptionMessageButton.swift in Sources */,
				BCE48713CD5DD7CBEF1D806C /* MessageViewModel.swift in Sources */,
				BCE481BC98F1167061375BDD /* OnboardingView.swift in Sources */,
				BCE489D24B4232508492E47A /* ChatItemView.swift in Sources */,
				BCE48860256138C90704DD18 /* ChooseRoleView.swift in Sources */,
				BCE48EE1324CEC7F74471865 /* LoginOptionsView.swift in Sources */,
				BCE48228E2D3FEAE0AC8492C /* Color+Design.swift in Sources */,
				BCE4827C8E20859A1611511E /* ChooseStageView.swift in Sources */,
				BCE48146EBF99CE58519D7FE /* ChooseTypeView.swift in Sources */,
			);
			runOnlyForDeploymentPostprocessing = 0;
		};
		FB14261A2523392B00E45425 /* Sources */ = {
			isa = PBXSourcesBuildPhase;
			buildActionMask = 2147483647;
			files = (
				FB1426232523392B00E45425 /* PinkAndBlueTests.swift in Sources */,
			);
			runOnlyForDeploymentPostprocessing = 0;
		};
/* End PBXSourcesBuildPhase section */

/* Begin PBXTargetDependency section */
		FB1426202523392B00E45425 /* PBXTargetDependency */ = {
			isa = PBXTargetDependency;
			target = FB1426072523392700E45425 /* PinkAndBlue */;
			targetProxy = FB14261F2523392B00E45425 /* PBXContainerItemProxy */;
		};
/* End PBXTargetDependency section */

/* Begin XCBuildConfiguration section */
		FB1426252523392B00E45425 /* Debug */ = {
			isa = XCBuildConfiguration;
			buildSettings = {
				ALWAYS_SEARCH_USER_PATHS = NO;
				CLANG_ANALYZER_NONNULL = YES;
				CLANG_ANALYZER_NUMBER_OBJECT_CONVERSION = YES_AGGRESSIVE;
				CLANG_CXX_LANGUAGE_STANDARD = "gnu++14";
				CLANG_CXX_LIBRARY = "libc++";
				CLANG_ENABLE_MODULES = YES;
				CLANG_ENABLE_OBJC_ARC = YES;
				CLANG_ENABLE_OBJC_WEAK = YES;
				CLANG_WARN_BLOCK_CAPTURE_AUTORELEASING = YES;
				CLANG_WARN_BOOL_CONVERSION = YES;
				CLANG_WARN_COMMA = YES;
				CLANG_WARN_CONSTANT_CONVERSION = YES;
				CLANG_WARN_DEPRECATED_OBJC_IMPLEMENTATIONS = YES;
				CLANG_WARN_DIRECT_OBJC_ISA_USAGE = YES_ERROR;
				CLANG_WARN_DOCUMENTATION_COMMENTS = YES;
				CLANG_WARN_EMPTY_BODY = YES;
				CLANG_WARN_ENUM_CONVERSION = YES;
				CLANG_WARN_INFINITE_RECURSION = YES;
				CLANG_WARN_INT_CONVERSION = YES;
				CLANG_WARN_NON_LITERAL_NULL_CONVERSION = YES;
				CLANG_WARN_OBJC_IMPLICIT_RETAIN_SELF = YES;
				CLANG_WARN_OBJC_LITERAL_CONVERSION = YES;
				CLANG_WARN_OBJC_ROOT_CLASS = YES_ERROR;
				CLANG_WARN_RANGE_LOOP_ANALYSIS = YES;
				CLANG_WARN_STRICT_PROTOTYPES = YES;
				CLANG_WARN_SUSPICIOUS_MOVE = YES;
				CLANG_WARN_UNGUARDED_AVAILABILITY = YES_AGGRESSIVE;
				CLANG_WARN_UNREACHABLE_CODE = YES;
				CLANG_WARN__DUPLICATE_METHOD_MATCH = YES;
				COPY_PHASE_STRIP = NO;
				DEBUG_INFORMATION_FORMAT = dwarf;
				ENABLE_STRICT_OBJC_MSGSEND = YES;
				ENABLE_TESTABILITY = YES;
				GCC_C_LANGUAGE_STANDARD = gnu11;
				GCC_DYNAMIC_NO_PIC = NO;
				GCC_NO_COMMON_BLOCKS = YES;
				GCC_OPTIMIZATION_LEVEL = 0;
				GCC_PREPROCESSOR_DEFINITIONS = (
					"DEBUG=1",
					"$(inherited)",
				);
				GCC_WARN_64_TO_32_BIT_CONVERSION = YES;
				GCC_WARN_ABOUT_RETURN_TYPE = YES_ERROR;
				GCC_WARN_UNDECLARED_SELECTOR = YES;
				GCC_WARN_UNINITIALIZED_AUTOS = YES_AGGRESSIVE;
				GCC_WARN_UNUSED_FUNCTION = YES;
				GCC_WARN_UNUSED_VARIABLE = YES;
				IPHONEOS_DEPLOYMENT_TARGET = 13.6;
				MTL_ENABLE_DEBUG_INFO = INCLUDE_SOURCE;
				MTL_FAST_MATH = YES;
				ONLY_ACTIVE_ARCH = YES;
				SDKROOT = iphoneos;
				SWIFT_ACTIVE_COMPILATION_CONDITIONS = DEBUG;
				SWIFT_OPTIMIZATION_LEVEL = "-Onone";
			};
			name = Debug;
		};
		FB1426262523392B00E45425 /* Release */ = {
			isa = XCBuildConfiguration;
			buildSettings = {
				ALWAYS_SEARCH_USER_PATHS = NO;
				CLANG_ANALYZER_NONNULL = YES;
				CLANG_ANALYZER_NUMBER_OBJECT_CONVERSION = YES_AGGRESSIVE;
				CLANG_CXX_LANGUAGE_STANDARD = "gnu++14";
				CLANG_CXX_LIBRARY = "libc++";
				CLANG_ENABLE_MODULES = YES;
				CLANG_ENABLE_OBJC_ARC = YES;
				CLANG_ENABLE_OBJC_WEAK = YES;
				CLANG_WARN_BLOCK_CAPTURE_AUTORELEASING = YES;
				CLANG_WARN_BOOL_CONVERSION = YES;
				CLANG_WARN_COMMA = YES;
				CLANG_WARN_CONSTANT_CONVERSION = YES;
				CLANG_WARN_DEPRECATED_OBJC_IMPLEMENTATIONS = YES;
				CLANG_WARN_DIRECT_OBJC_ISA_USAGE = YES_ERROR;
				CLANG_WARN_DOCUMENTATION_COMMENTS = YES;
				CLANG_WARN_EMPTY_BODY = YES;
				CLANG_WARN_ENUM_CONVERSION = YES;
				CLANG_WARN_INFINITE_RECURSION = YES;
				CLANG_WARN_INT_CONVERSION = YES;
				CLANG_WARN_NON_LITERAL_NULL_CONVERSION = YES;
				CLANG_WARN_OBJC_IMPLICIT_RETAIN_SELF = YES;
				CLANG_WARN_OBJC_LITERAL_CONVERSION = YES;
				CLANG_WARN_OBJC_ROOT_CLASS = YES_ERROR;
				CLANG_WARN_RANGE_LOOP_ANALYSIS = YES;
				CLANG_WARN_STRICT_PROTOTYPES = YES;
				CLANG_WARN_SUSPICIOUS_MOVE = YES;
				CLANG_WARN_UNGUARDED_AVAILABILITY = YES_AGGRESSIVE;
				CLANG_WARN_UNREACHABLE_CODE = YES;
				CLANG_WARN__DUPLICATE_METHOD_MATCH = YES;
				COPY_PHASE_STRIP = NO;
				DEBUG_INFORMATION_FORMAT = "dwarf-with-dsym";
				ENABLE_NS_ASSERTIONS = NO;
				ENABLE_STRICT_OBJC_MSGSEND = YES;
				GCC_C_LANGUAGE_STANDARD = gnu11;
				GCC_NO_COMMON_BLOCKS = YES;
				GCC_WARN_64_TO_32_BIT_CONVERSION = YES;
				GCC_WARN_ABOUT_RETURN_TYPE = YES_ERROR;
				GCC_WARN_UNDECLARED_SELECTOR = YES;
				GCC_WARN_UNINITIALIZED_AUTOS = YES_AGGRESSIVE;
				GCC_WARN_UNUSED_FUNCTION = YES;
				GCC_WARN_UNUSED_VARIABLE = YES;
				IPHONEOS_DEPLOYMENT_TARGET = 13.6;
				MTL_ENABLE_DEBUG_INFO = NO;
				MTL_FAST_MATH = YES;
				SDKROOT = iphoneos;
				SWIFT_COMPILATION_MODE = wholemodule;
				SWIFT_OPTIMIZATION_LEVEL = "-O";
				VALIDATE_PRODUCT = YES;
			};
			name = Release;
		};
		FB1426282523392B00E45425 /* Debug */ = {
			isa = XCBuildConfiguration;
			buildSettings = {
				ASSETCATALOG_COMPILER_APPICON_NAME = AppIcon;
				CODE_SIGN_STYLE = Automatic;
				DEVELOPMENT_ASSET_PATHS = "\"PinkAndBlue/Preview Content\"";
				DEVELOPMENT_TEAM = D723WN4M5D;
				ENABLE_PREVIEWS = YES;
				INFOPLIST_FILE = "$(SRCROOT)/PinkAndBlue/Classes/Info.plist";
				LD_RUNPATH_SEARCH_PATHS = (
					"$(inherited)",
					"@executable_path/Frameworks",
				);
				PRODUCT_BUNDLE_IDENTIFIER = com.kojiba.PinkAndBlue;
				PRODUCT_NAME = "$(TARGET_NAME)";
				SWIFT_VERSION = 5.0;
				TARGETED_DEVICE_FAMILY = "1,2";
			};
			name = Debug;
		};
		FB1426292523392B00E45425 /* Release */ = {
			isa = XCBuildConfiguration;
			buildSettings = {
				ASSETCATALOG_COMPILER_APPICON_NAME = AppIcon;
				CODE_SIGN_STYLE = Automatic;
				DEVELOPMENT_ASSET_PATHS = "\"PinkAndBlue/Preview Content\"";
				DEVELOPMENT_TEAM = D723WN4M5D;
				ENABLE_PREVIEWS = YES;
				INFOPLIST_FILE = "$(SRCROOT)/PinkAndBlue/Classes/Info.plist";
				LD_RUNPATH_SEARCH_PATHS = (
					"$(inherited)",
					"@executable_path/Frameworks",
				);
				PRODUCT_BUNDLE_IDENTIFIER = com.kojiba.PinkAndBlue;
				PRODUCT_NAME = "$(TARGET_NAME)";
				SWIFT_VERSION = 5.0;
				TARGETED_DEVICE_FAMILY = "1,2";
			};
			name = Release;
		};
		FB14262B2523392B00E45425 /* Debug */ = {
			isa = XCBuildConfiguration;
			buildSettings = {
				ALWAYS_EMBED_SWIFT_STANDARD_LIBRARIES = YES;
				BUNDLE_LOADER = "$(TEST_HOST)";
				CODE_SIGN_STYLE = Automatic;
				DEVELOPMENT_TEAM = D723WN4M5D;
				INFOPLIST_FILE = PinkAndBlueTests/Info.plist;
				IPHONEOS_DEPLOYMENT_TARGET = 13.6;
				LD_RUNPATH_SEARCH_PATHS = (
					"$(inherited)",
					"@executable_path/Frameworks",
					"@loader_path/Frameworks",
				);
				PRODUCT_BUNDLE_IDENTIFIER = com.PinkAndBlueTests;
				PRODUCT_NAME = "$(TARGET_NAME)";
				SWIFT_VERSION = 5.0;
				TARGETED_DEVICE_FAMILY = "1,2";
				TEST_HOST = "$(BUILT_PRODUCTS_DIR)/PinkAndBlue.app/PinkAndBlue";
			};
			name = Debug;
		};
		FB14262C2523392B00E45425 /* Release */ = {
			isa = XCBuildConfiguration;
			buildSettings = {
				ALWAYS_EMBED_SWIFT_STANDARD_LIBRARIES = YES;
				BUNDLE_LOADER = "$(TEST_HOST)";
				CODE_SIGN_STYLE = Automatic;
				DEVELOPMENT_TEAM = D723WN4M5D;
				INFOPLIST_FILE = PinkAndBlueTests/Info.plist;
				IPHONEOS_DEPLOYMENT_TARGET = 13.6;
				LD_RUNPATH_SEARCH_PATHS = (
					"$(inherited)",
					"@executable_path/Frameworks",
					"@loader_path/Frameworks",
				);
				PRODUCT_BUNDLE_IDENTIFIER = com.PinkAndBlueTests;
				PRODUCT_NAME = "$(TARGET_NAME)";
				SWIFT_VERSION = 5.0;
				TARGETED_DEVICE_FAMILY = "1,2";
				TEST_HOST = "$(BUILT_PRODUCTS_DIR)/PinkAndBlue.app/PinkAndBlue";
			};
			name = Release;
		};
/* End XCBuildConfiguration section */

/* Begin XCConfigurationList section */
		FB1426032523392700E45425 /* Build configuration list for PBXProject "PinkAndBlue" */ = {
			isa = XCConfigurationList;
			buildConfigurations = (
				FB1426252523392B00E45425 /* Debug */,
				FB1426262523392B00E45425 /* Release */,
			);
			defaultConfigurationIsVisible = 0;
			defaultConfigurationName = Release;
		};
		FB1426272523392B00E45425 /* Build configuration list for PBXNativeTarget "PinkAndBlue" */ = {
			isa = XCConfigurationList;
			buildConfigurations = (
				FB1426282523392B00E45425 /* Debug */,
				FB1426292523392B00E45425 /* Release */,
			);
			defaultConfigurationIsVisible = 0;
			defaultConfigurationName = Release;
		};
		FB14262A2523392B00E45425 /* Build configuration list for PBXNativeTarget "PinkAndBlueTests" */ = {
			isa = XCConfigurationList;
			buildConfigurations = (
				FB14262B2523392B00E45425 /* Debug */,
				FB14262C2523392B00E45425 /* Release */,
			);
			defaultConfigurationIsVisible = 0;
			defaultConfigurationName = Release;
		};
/* End XCConfigurationList section */
	};
	rootObject = FB1426002523392700E45425 /* Project object */;
}
